
Microsoft Visual Studio Solution File, Format Version 11.00
# Visual Studio 2010
Project("{8BC9CEB8-8B4A-11D0-8D11-00A0C91BC942}") = "gen", "gen\gen.vcxproj", "{AA198C89-660F-4C5A-97B7-AEC17B7CEA39}"
EndProject
Project("{8BC9CEB8-8B4A-11D0-8D11-00A0C91BC942}") = "encode", "encode\encode.vcxproj", "{3CBD636C-A6AB-4FAE-90C3-B41CBF2D29A6}"
EndProject
Project("{8BC9CEB8-8B4A-11D0-8D11-00A0C91BC942}") = "ui", "ui\ui.vcxproj", "{54A283A5-8421-4112-8B39-CF507EF9537A}"
	ProjectSection(ProjectDependencies) = postProject
		{7E0CD2FD-83A9-41B5-B23D-780E27BCD125} = {7E0CD2FD-83A9-41B5-B23D-780E27BCD125}
	EndProjectSection
EndProject
Project("{8BC9CEB8-8B4A-11D0-8D11-00A0C91BC942}") = "server", "server\server.vcxproj", "{63C925C5-5077-468B-9BF4-28B3E8380156}"
	ProjectSection(ProjectDependencies) = postProject
		{7E0CD2FD-83A9-41B5-B23D-780E27BCD125} = {7E0CD2FD-83A9-41B5-B23D-780E27BCD125}
	EndProjectSection
EndProject
Project("{8BC9CEB8-8B4A-11D0-8D11-00A0C91BC942}") = "socket", "socket\socket.vcxproj", "{7E0CD2FD-83A9-41B5-B23D-780E27BCD125}"
EndProject
Project("{8BC9CEB8-8B4A-11D0-8D11-00A0C91BC942}") = "error", "error\error.vcxproj", "{841B7239-7588-4771-A5BC-092EB54DA710}"
EndProject
Project("{8BC9CEB8-8B4A-11D0-8D11-00A0C91BC942}") = "game", "game\game.vcxproj", "{E2D2974B-FF6D-4BB9-9B24-A0B39523A50A}"
EndProject
Project("{8BC9CEB8-8B4A-11D0-8D11-00A0C91BC942}") = "nclient", "nclient\nclient.vcxproj", "{8C4D28BB-FA2C-44DD-BA08-8000CA1623E7}"
EndProject
Global
	GlobalSection(SolutionConfigurationPlatforms) = preSolution
		Debug|Win32 = Debug|Win32
		Release|Win32 = Release|Win32
	EndGlobalSection
	GlobalSection(ProjectConfigurationPlatforms) = postSolution
		{AA198C89-660F-4C5A-97B7-AEC17B7CEA39}.Debug|Win32.ActiveCfg = Debug|Win32
		{AA198C89-660F-4C5A-97B7-AEC17B7CEA39}.Debug|Win32.Build.0 = Debug|Win32
		{AA198C89-660F-4C5A-97B7-AEC17B7CEA39}.Release|Win32.ActiveCfg = Release|Win32
		{AA198C89-660F-4C5A-97B7-AEC17B7CEA39}.Release|Win32.Build.0 = Release|Win32
		{3CBD636C-A6AB-4FAE-90C3-B41CBF2D29A6}.Debug|Win32.ActiveCfg = Debug|Win32
		{3CBD636C-A6AB-4FAE-90C3-B41CBF2D29A6}.Debug|Win32.Build.0 = Debug|Win32
		{3CBD636C-A6AB-4FAE-90C3-B41CBF2D29A6}.Release|Win32.ActiveCfg = Release|Win32
		{3CBD636C-A6AB-4FAE-90C3-B41CBF2D29A6}.Release|Win32.Build.0 = Release|Win32
		{54A283A5-8421-4112-8B39-CF507EF9537A}.Debug|Win32.ActiveCfg = Debug|Win32
		{54A283A5-8421-4112-8B39-CF507EF9537A}.Debug|Win32.Build.0 = Debug|Win32
		{54A283A5-8421-4112-8B39-CF507EF9537A}.Release|Win32.ActiveCfg = Release|Win32
		{54A283A5-8421-4112-8B39-CF507EF9537A}.Release|Win32.Build.0 = Release|Win32
		{63C925C5-5077-468B-9BF4-28B3E8380156}.Debug|Win32.ActiveCfg = Debug|Win32
		{63C925C5-5077-468B-9BF4-28B3E8380156}.Debug|Win32.Build.0 = Debug|Win32
		{63C925C5-5077-468B-9BF4-28B3E8380156}.Release|Win32.ActiveCfg = Release|Win32
		{63C925C5-5077-468B-9BF4-28B3E8380156}.Release|Win32.Build.0 = Release|Win32
		{7E0CD2FD-83A9-41B5-B23D-780E27BCD125}.Debug|Win32.ActiveCfg = Debug|Win32
		{7E0CD2FD-83A9-41B5-B23D-780E27BCD125}.Debug|Win32.Build.0 = Debug|Win32
		{7E0CD2FD-83A9-41B5-B23D-780E27BCD125}.Release|Win32.ActiveCfg = Release|Win32
		{7E0CD2FD-83A9-41B5-B23D-780E27BCD125}.Release|Win32.Build.0 = Release|Win32
		{841B7239-7588-4771-A5BC-092EB54DA710}.Debug|Win32.ActiveCfg = Debug|Win32
		{841B7239-7588-4771-A5BC-092EB54DA710}.Debug|Win32.Build.0 = Debug|Win32
		{841B7239-7588-4771-A5BC-092EB54DA710}.Release|Win32.ActiveCfg = Release|Win32
		{841B7239-7588-4771-A5BC-092EB54DA710}.Release|Win32.Build.0 = Release|Win32
		{E2D2974B-FF6D-4BB9-9B24-A0B39523A50A}.Debug|Win32.ActiveCfg = Debug|Win32
		{E2D2974B-FF6D-4BB9-9B24-A0B39523A50A}.Debug|Win32.Build.0 = Debug|Win32
		{E2D2974B-FF6D-4BB9-9B24-A0B39523A50A}.Release|Win32.ActiveCfg = Release|Win32
		{E2D2974B-FF6D-4BB9-9B24-A0B39523A50A}.Release|Win32.Build.0 = Release|Win32
		{8C4D28BB-FA2C-44DD-BA08-8000CA1623E7}.Debug|Win32.ActiveCfg = Debug|Win32
		{8C4D28BB-FA2C-44DD-BA08-8000CA1623E7}.Debug|Win32.Build.0 = Debug|Win32
		{8C4D28BB-FA2C-44DD-BA08-8000CA1623E7}.Release|Win32.ActiveCfg = Release|Win32
		{8C4D28BB-FA2C-44DD-BA08-8000CA1623E7}.Release|Win32.Build.0 = Release|Win32
	EndGlobalSection
	GlobalSection(SolutionProperties) = preSolution
		HideSolutionNode = FALSE
	EndGlobalSection
EndGlobal
